
Microsoft Visual Studio Solution File, Format Version 12.00
# Visual Studio 15
VisualStudioVersion = 15.0.27130.2024
MinimumVisualStudioVersion = 10.0.40219.1
Project("{F184B08F-C81C-45F6-A57F-5ABD9991F28F}") = "Lime Downloader", "Lime Downloader\Lime Downloader.vbproj", "{7079C6C9-CE61-4208-8BE3-81FAA2DF3166}"
EndProject
Project("{F184B08F-C81C-45F6-A57F-5ABD9991F28F}") = "Stub", "Stub\Stub.vbproj", "{10C04BFD-04EE-4BBB-8574-D749EF1836B9}"
EndProject
Global
	GlobalSection(SolutionConfigurationPlatforms) = preSolution
		Debug|Any CPU = Debug|Any CPU
		Release|Any CPU = Release|Any CPU
	EndGlobalSection
	GlobalSection(ProjectConfigurationPlatforms) = postSolution
		{7079C6C9-CE61-4208-8BE3-81FAA2DF3166}.Debug|Any CPU.ActiveCfg = Debug|Any CPU
		{7079C6C9-CE61-4208-8BE3-81FAA2DF3166}.Debug|Any CPU.Build.0 = Debug|Any CPU
		{7079C6C9-CE61-4208-8BE3-81FAA2DF3166}.Release|Any CPU.ActiveCfg = Release|Any CPU
		{7079C6C9-CE61-4208-8BE3-81FAA2DF3166}.Release|Any CPU.Build.0 = Release|Any CPU
		{10C04BFD-04EE-4BBB-8574-D749EF1836B9}.Debug|Any CPU.ActiveCfg = Debug|Any CPU
		{10C04BFD-04EE-4BBB-8574-D749EF1836B9}.Debug|Any CPU.Build.0 = Debug|Any CPU
		{10C04BFD-04EE-4BBB-8574-D749EF1836B9}.Release|Any CPU.ActiveCfg = Release|Any CPU
		{10C04BFD-04EE-4BBB-8574-D749EF1836B9}.Release|Any CPU.Build.0 = Release|Any CPU
	EndGlobalSection
	GlobalSection(SolutionProperties) = preSolution
		HideSolutionNode = FALSE
	EndGlobalSection
	GlobalSection(ExtensibilityGlobals) = postSolution
		SolutionGuid = {BE854740-B4E0-44F4-9B40-E161C702E0A6}
	EndGlobalSection
EndGlobal
